
Microsoft Visual Studio Solution File, Format Version 12.00
# Visual Studio Version 16
VisualStudioVersion = 16.0.30523.141
MinimumVisualStudioVersion = 10.0.40219.1
Project("{FAE04EC0-301F-11D3-BF4B-00C04F79EFBC}") = "MimicAPI", "MimicAPI\MimicAPI.csproj", "{5FD16058-3303-403E-ABE0-109C3E84C278}"
EndProject
Global
	GlobalSection(SolutionConfigurationPlatforms) = preSolution
		Debug|Any CPU = Debug|Any CPU
		Release|Any CPU = Release|Any CPU
	EndGlobalSection
	GlobalSection(ProjectConfigurationPlatforms) = postSolution
		{5FD16058-3303-403E-ABE0-109C3E84C278}.Debug|Any CPU.ActiveCfg = Debug|Any CPU
		{5FD16058-3303-403E-ABE0-109C3E84C278}.Debug|Any CPU.Build.0 = Debug|Any CPU
		{5FD16058-3303-403E-ABE0-109C3E84C278}.Release|Any CPU.ActiveCfg = Release|Any CPU
		{5FD16058-3303-403E-ABE0-109C3E84C278}.Release|Any CPU.Build.0 = Release|Any CPU
	EndGlobalSection
	GlobalSection(SolutionProperties) = preSolution
		HideSolutionNode = FALSE
	EndGlobalSection
	GlobalSection(ExtensibilityGlobals) = postSolution
		SolutionGuid = {107F16E9-DCFC-4F0C-89D7-DE2E1F81BF81}
	EndGlobalSection
EndGlobal
